Microsoft Visual Studio Solution File, Format Version 12.00
# Visual Studio 2013
VisualStudioVersion = 12.0.40629.0
MinimumVisualStudioVersion = 10.0.40219.1
Project("{FAE04EC0-301F-11D3-BF4B-00C04F79EFBC}") = "CogColorConversionTool", "CogColorConversionTool.csproj", "{BBFD8C63-C46E-4F71-9CA8-B9D9440335F0}"
EndProject
Project("{FAE04EC0-301F-11D3-BF4B-00C04F79EFBC}") = "ColorConversionTest", "Test\ColorConversionTest.csproj", "{018F709C-CD87-4371-A778-0FC09EB518A4}"
EndProject
Project("{FAE04EC0-301F-11D3-BF4B-00C04F79EFBC}") = "CogConversionEditControlTest", "Test\CogConversionEditControlTest\CogConversionEditControlTest.csproj", "{31995F72-1744-49DD-82DC-995EFF82D3BA}"
EndProject
Global
	GlobalSection(SolutionConfigurationPlatforms) = preSolution
		Debug|x86 = Debug|x86
		Debug|x64 = Debug|x64
		Release|x86 = Release|x86
		Release|x64 = Release|x64
	EndGlobalSection
	GlobalSection(ProjectConfigurationPlatforms) = postSolution
		{BBFD8C63-C46E-4F71-9CA8-B9D9440335F0}.Debug|x86.ActiveCfg = Debug|x86
		{BBFD8C63-C46E-4F71-9CA8-B9D9440335F0}.Debug|x86.Build.0 = Debug|x86
		{BBFD8C63-C46E-4F71-9CA8-B9D9440335F0}.Debug|x64.ActiveCfg = Debug|x64
		{BBFD8C63-C46E-4F71-9CA8-B9D9440335F0}.Debug|x64.Build.0 = Debug|x64
		{BBFD8C63-C46E-4F71-9CA8-B9D9440335F0}.Release|x86.ActiveCfg = Release|x86
		{BBFD8C63-C46E-4F71-9CA8-B9D9440335F0}.Release|x86.Build.0 = Release|x86
		{BBFD8C63-C46E-4F71-9CA8-B9D9440335F0}.Release|x64.ActiveCfg = Release|x64
		{BBFD8C63-C46E-4F71-9CA8-B9D9440335F0}.Release|x64.Build.0 = Release|x64
		{018F709C-CD87-4371-A778-0FC09EB518A4}.Debug|x86.ActiveCfg = Debug|x86
		{018F709C-CD87-4371-A778-0FC09EB518A4}.Debug|x86.Build.0 = Debug|x86
		{018F709C-CD87-4371-A778-0FC09EB518A4}.Debug|x64.ActiveCfg = Debug|x64
		{018F709C-CD87-4371-A778-0FC09EB518A4}.Debug|x64.Build.0 = Debug|x64
		{018F709C-CD87-4371-A778-0FC09EB518A4}.Release|x86.ActiveCfg = Release|x86
		{018F709C-CD87-4371-A778-0FC09EB518A4}.Release|x86.Build.0 = Release|x86
		{018F709C-CD87-4371-A778-0FC09EB518A4}.Release|x64.ActiveCfg = Release|x64
		{018F709C-CD87-4371-A778-0FC09EB518A4}.Release|x64.Build.0 = Release|x64
		{31995F72-1744-49DD-82DC-995EFF82D3BA}.Debug|x86.ActiveCfg = Debug|x86
		{31995F72-1744-49DD-82DC-995EFF82D3BA}.Debug|x86.Build.0 = Debug|x86
		{31995F72-1744-49DD-82DC-995EFF82D3BA}.Debug|x64.ActiveCfg = Debug|x64
		{31995F72-1744-49DD-82DC-995EFF82D3BA}.Debug|x64.Build.0 = Debug|x64
		{31995F72-1744-49DD-82DC-995EFF82D3BA}.Release|x86.ActiveCfg = Release|x86
		{31995F72-1744-49DD-82DC-995EFF82D3BA}.Release|x86.Build.0 = Release|x86
		{31995F72-1744-49DD-82DC-995EFF82D3BA}.Release|x64.ActiveCfg = Release|x64
		{31995F72-1744-49DD-82DC-995EFF82D3BA}.Release|x64.Build.0 = Release|x64
	EndGlobalSection
	GlobalSection(SolutionProperties) = preSolution
		HideSolutionNode = FALSE
	EndGlobalSection
EndGlobal
